
Microsoft Visual Studio Solution File, Format Version 12.00
# Visual Studio Version 18
VisualStudioVersion = 18.4.11605.240 stable
MinimumVisualStudioVersion = 10.0.40219.1
Project("{FAE04EC0-301F-11D3-BF4B-00C04F79EFBC}") = "Day55Assignment", "Day55Assignment.csproj", "{D42DA5CD-C7B3-589F-E7B6-9601826C2CE7}"
EndProject
Global
	GlobalSection(SolutionConfigurationPlatforms) = preSolution
		Debug|Any CPU = Debug|Any CPU
		Release|Any CPU = Release|Any CPU
	EndGlobalSection
	GlobalSection(ProjectConfigurationPlatforms) = postSolution
		{D42DA5CD-C7B3-589F-E7B6-9601826C2CE7}.Debug|Any CPU.ActiveCfg = Debug|Any CPU
		{D42DA5CD-C7B3-589F-E7B6-9601826C2CE7}.Debug|Any CPU.Build.0 = Debug|Any CPU
		{D42DA5CD-C7B3-589F-E7B6-9601826C2CE7}.Release|Any CPU.ActiveCfg = Release|Any CPU
		{D42DA5CD-C7B3-589F-E7B6-9601826C2CE7}.Release|Any CPU.Build.0 = Release|Any CPU
	EndGlobalSection
	GlobalSection(SolutionProperties) = preSolution
		HideSolutionNode = FALSE
	EndGlobalSection
	GlobalSection(ExtensibilityGlobals) = postSolution
		SolutionGuid = {6761713D-2690-424A-B4EC-4A3E8EBB637F}
	EndGlobalSection
EndGlobal
